
Microsoft Visual Studio Solution File, Format Version 11.00
# Visual Studio 2010
Project("{FAE04EC0-301F-11D3-BF4B-00C04F79EFBC}") = "Design", "..\Design\Design.csproj", "{8750FC03-FA4D-44FF-A2FB-C941F9AF2973}"
EndProject
Project("{FAE04EC0-301F-11D3-BF4B-00C04F79EFBC}") = "DTS.GMaps.Logic", "..\DTS.GMaps.Logic\DTS.GMaps.Logic.csproj", "{120E876D-CE8A-4D77-9EDB-358A18E5A7A6}"
EndProject
Global
	GlobalSection(SolutionConfigurationPlatforms) = preSolution
		Debug|Any CPU = Debug|Any CPU
		Release|Any CPU = Release|Any CPU
	EndGlobalSection
	GlobalSection(ProjectConfigurationPlatforms) = postSolution
		{8750FC03-FA4D-44FF-A2FB-C941F9AF2973}.Debug|Any CPU.ActiveCfg = Debug|Any CPU
		{8750FC03-FA4D-44FF-A2FB-C941F9AF2973}.Debug|Any CPU.Build.0 = Debug|Any CPU
		{8750FC03-FA4D-44FF-A2FB-C941F9AF2973}.Release|Any CPU.ActiveCfg = Release|Any CPU
		{8750FC03-FA4D-44FF-A2FB-C941F9AF2973}.Release|Any CPU.Build.0 = Release|Any CPU
		{120E876D-CE8A-4D77-9EDB-358A18E5A7A6}.Debug|Any CPU.ActiveCfg = Debug|Any CPU
		{120E876D-CE8A-4D77-9EDB-358A18E5A7A6}.Release|Any CPU.ActiveCfg = Release|Any CPU
		{120E876D-CE8A-4D77-9EDB-358A18E5A7A6}.Release|Any CPU.Build.0 = Release|Any CPU
	EndGlobalSection
	GlobalSection(SolutionProperties) = preSolution
		HideSolutionNode = FALSE
	EndGlobalSection
EndGlobal
